
Microsoft Visual Studio Solution File, Format Version 12.00
# Visual Studio Version 17
VisualStudioVersion = 17.0.31903.59
MinimumVisualStudioVersion = 10.0.40219.1
Project("{2150E333-8FDC-42A3-9474-1A3956D46DE8}") = "src", "src", "{D8CBB4C6-7FC5-44BE-9562-D95F882D4BA4}"
EndProject
Project("{FAE04EC0-301F-11D3-BF4B-00C04F79EFBC}") = "AuctionService", "src\AuctionService\AuctionService.csproj", "{33F08565-CC21-4EC5-9DE3-9A851CEFDA73}"
EndProject
Project("{FAE04EC0-301F-11D3-BF4B-00C04F79EFBC}") = "SearchService", "src\SearchService\SearchService.csproj", "{9DB7A751-106B-4A77-BF67-B69E011D1AD8}"
EndProject
Global
	GlobalSection(SolutionConfigurationPlatforms) = preSolution
		Debug|Any CPU = Debug|Any CPU
		Release|Any CPU = Release|Any CPU
	EndGlobalSection
	GlobalSection(SolutionProperties) = preSolution
		HideSolutionNode = FALSE
	EndGlobalSection
	GlobalSection(ProjectConfigurationPlatforms) = postSolution
		{33F08565-CC21-4EC5-9DE3-9A851CEFDA73}.Debug|Any CPU.ActiveCfg = Debug|Any CPU
		{33F08565-CC21-4EC5-9DE3-9A851CEFDA73}.Debug|Any CPU.Build.0 = Debug|Any CPU
		{33F08565-CC21-4EC5-9DE3-9A851CEFDA73}.Release|Any CPU.ActiveCfg = Release|Any CPU
		{33F08565-CC21-4EC5-9DE3-9A851CEFDA73}.Release|Any CPU.Build.0 = Release|Any CPU
		{9DB7A751-106B-4A77-BF67-B69E011D1AD8}.Debug|Any CPU.ActiveCfg = Debug|Any CPU
		{9DB7A751-106B-4A77-BF67-B69E011D1AD8}.Debug|Any CPU.Build.0 = Debug|Any CPU
		{9DB7A751-106B-4A77-BF67-B69E011D1AD8}.Release|Any CPU.ActiveCfg = Release|Any CPU
		{9DB7A751-106B-4A77-BF67-B69E011D1AD8}.Release|Any CPU.Build.0 = Release|Any CPU
	EndGlobalSection
	GlobalSection(NestedProjects) = preSolution
		{33F08565-CC21-4EC5-9DE3-9A851CEFDA73} = {D8CBB4C6-7FC5-44BE-9562-D95F882D4BA4}
		{9DB7A751-106B-4A77-BF67-B69E011D1AD8} = {D8CBB4C6-7FC5-44BE-9562-D95F882D4BA4}
	EndGlobalSection
EndGlobal
